
Microsoft Visual Studio Solution File, Format Version 12.00
# Visual Studio 15
VisualStudioVersion = 15.0.27004.2006
MinimumVisualStudioVersion = 10.0.40219.1
Project("{9A19103F-16F7-4668-BE54-9A1E7A4F7556}") = "BaltLogger.Web", "BaltLogger.Web\BaltLogger.Web.csproj", "{DD533F89-E287-4A2D-9385-AB74230F06D7}"
EndProject
Project("{9A19103F-16F7-4668-BE54-9A1E7A4F7556}") = "BaltLogger.Infrastructure", "BaltLogger.Infrastructure\BaltLogger.Infrastructure.csproj", "{B36F1B88-20BE-44E9-9F82-09296DDCBDC7}"
EndProject
Project("{9A19103F-16F7-4668-BE54-9A1E7A4F7556}") = "BaltLogger.Interface", "BaltLogger.Interface\BaltLogger.Interface.csproj", "{7CD65090-F3E5-4D20-B039-DE7B641DC62F}"
EndProject
Project("{9A19103F-16F7-4668-BE54-9A1E7A4F7556}") = "BaltLogger.ConsoleLogger", "BaltLogger.ConsoleLogger\BaltLogger.ConsoleLogger.csproj", "{003EEA49-FFAF-4002-98E0-2796029F6BF2}"
EndProject
Project("{9A19103F-16F7-4668-BE54-9A1E7A4F7556}") = "BaltLogger.DbLogger", "BaltLogger.DbLogger\BaltLogger.DbLogger.csproj", "{C3A1470F-D4FB-4FBF-A89F-B5E996AA33DC}"
EndProject
Project("{9A19103F-16F7-4668-BE54-9A1E7A4F7556}") = "BaltLogger.Tests", "BaltLogger.Tests\BaltLogger.Tests.csproj", "{1BBAF3B0-2A83-43CE-978E-D65FF27FD993}"
EndProject
Project("{FAE04EC0-301F-11D3-BF4B-00C04F79EFBC}") = "BaltLogger.FileLogger", "BaltLogger.FileLogger\BaltLogger.FileLogger.csproj", "{15E4FFE7-F747-4218-908F-28073AB79EA3}"
EndProject
Global
	GlobalSection(SolutionConfigurationPlatforms) = preSolution
		Debug|Any CPU = Debug|Any CPU
		Release|Any CPU = Release|Any CPU
	EndGlobalSection
	GlobalSection(ProjectConfigurationPlatforms) = postSolution
		{DD533F89-E287-4A2D-9385-AB74230F06D7}.Debug|Any CPU.ActiveCfg = Debug|Any CPU
		{DD533F89-E287-4A2D-9385-AB74230F06D7}.Debug|Any CPU.Build.0 = Debug|Any CPU
		{DD533F89-E287-4A2D-9385-AB74230F06D7}.Release|Any CPU.ActiveCfg = Release|Any CPU
		{DD533F89-E287-4A2D-9385-AB74230F06D7}.Release|Any CPU.Build.0 = Release|Any CPU
		{B36F1B88-20BE-44E9-9F82-09296DDCBDC7}.Debug|Any CPU.ActiveCfg = Debug|Any CPU
		{B36F1B88-20BE-44E9-9F82-09296DDCBDC7}.Debug|Any CPU.Build.0 = Debug|Any CPU
		{B36F1B88-20BE-44E9-9F82-09296DDCBDC7}.Release|Any CPU.ActiveCfg = Release|Any CPU
		{B36F1B88-20BE-44E9-9F82-09296DDCBDC7}.Release|Any CPU.Build.0 = Release|Any CPU
		{7CD65090-F3E5-4D20-B039-DE7B641DC62F}.Debug|Any CPU.ActiveCfg = Debug|Any CPU
		{7CD65090-F3E5-4D20-B039-DE7B641DC62F}.Debug|Any CPU.Build.0 = Debug|Any CPU
		{7CD65090-F3E5-4D20-B039-DE7B641DC62F}.Release|Any CPU.ActiveCfg = Release|Any CPU
		{7CD65090-F3E5-4D20-B039-DE7B641DC62F}.Release|Any CPU.Build.0 = Release|Any CPU
		{003EEA49-FFAF-4002-98E0-2796029F6BF2}.Debug|Any CPU.ActiveCfg = Debug|Any CPU
		{003EEA49-FFAF-4002-98E0-2796029F6BF2}.Debug|Any CPU.Build.0 = Debug|Any CPU
		{003EEA49-FFAF-4002-98E0-2796029F6BF2}.Release|Any CPU.ActiveCfg = Release|Any CPU
		{003EEA49-FFAF-4002-98E0-2796029F6BF2}.Release|Any CPU.Build.0 = Release|Any CPU
		{C3A1470F-D4FB-4FBF-A89F-B5E996AA33DC}.Debug|Any CPU.ActiveCfg = Debug|Any CPU
		{C3A1470F-D4FB-4FBF-A89F-B5E996AA33DC}.Debug|Any CPU.Build.0 = Debug|Any CPU
		{C3A1470F-D4FB-4FBF-A89F-B5E996AA33DC}.Release|Any CPU.ActiveCfg = Release|Any CPU
		{C3A1470F-D4FB-4FBF-A89F-B5E996AA33DC}.Release|Any CPU.Build.0 = Release|Any CPU
		{1BBAF3B0-2A83-43CE-978E-D65FF27FD993}.Debug|Any CPU.ActiveCfg = Debug|Any CPU
		{1BBAF3B0-2A83-43CE-978E-D65FF27FD993}.Debug|Any CPU.Build.0 = Debug|Any CPU
		{1BBAF3B0-2A83-43CE-978E-D65FF27FD993}.Release|Any CPU.ActiveCfg = Release|Any CPU
		{1BBAF3B0-2A83-43CE-978E-D65FF27FD993}.Release|Any CPU.Build.0 = Release|Any CPU
		{15E4FFE7-F747-4218-908F-28073AB79EA3}.Debug|Any CPU.ActiveCfg = Debug|Any CPU
		{15E4FFE7-F747-4218-908F-28073AB79EA3}.Debug|Any CPU.Build.0 = Debug|Any CPU
		{15E4FFE7-F747-4218-908F-28073AB79EA3}.Release|Any CPU.ActiveCfg = Release|Any CPU
		{15E4FFE7-F747-4218-908F-28073AB79EA3}.Release|Any CPU.Build.0 = Release|Any CPU
	EndGlobalSection
	GlobalSection(SolutionProperties) = preSolution
		HideSolutionNode = FALSE
	EndGlobalSection
	GlobalSection(ExtensibilityGlobals) = postSolution
		SolutionGuid = {2CC2A76F-0761-4731-954E-837743DAE9A7}
	EndGlobalSection
EndGlobal
